
Microsoft Visual Studio Solution File, Format Version 12.00
# Visual Studio Version 16
VisualStudioVersion = 16.0.30011.22
MinimumVisualStudioVersion = 10.0.40219.1
Project("{9A19103F-16F7-4668-BE54-9A1E7A4F7556}") = "OOP_lab_2_6_5", "OOP_lab_2_6_5\OOP_lab_2_6_5.csproj", "{53225F1B-AE78-4843-BE81-A4BC5068A7F6}"
EndProject
Project("{2150E333-8FDC-42A3-9474-1A3956D46DE8}") = "Solution Items", "Solution Items", "{DE40DBF7-B6C0-4DFA-965E-F6A94C654AB1}"
	ProjectSection(SolutionItems) = preProject
		.travis.yml = .travis.yml
	EndProjectSection
EndProject
Global
	GlobalSection(SolutionConfigurationPlatforms) = preSolution
		Debug|Any CPU = Debug|Any CPU
		Release|Any CPU = Release|Any CPU
	EndGlobalSection
	GlobalSection(ProjectConfigurationPlatforms) = postSolution
		{53225F1B-AE78-4843-BE81-A4BC5068A7F6}.Debug|Any CPU.ActiveCfg = Debug|Any CPU
		{53225F1B-AE78-4843-BE81-A4BC5068A7F6}.Debug|Any CPU.Build.0 = Debug|Any CPU
		{53225F1B-AE78-4843-BE81-A4BC5068A7F6}.Release|Any CPU.ActiveCfg = Release|Any CPU
		{53225F1B-AE78-4843-BE81-A4BC5068A7F6}.Release|Any CPU.Build.0 = Release|Any CPU
	EndGlobalSection
	GlobalSection(SolutionProperties) = preSolution
		HideSolutionNode = FALSE
	EndGlobalSection
	GlobalSection(ExtensibilityGlobals) = postSolution
		SolutionGuid = {4A72F948-C3E5-45D1-B1BE-A37DCED28180}
	EndGlobalSection
EndGlobal
